
Microsoft Visual Studio Solution File, Format Version 12.00
# Visual Studio Version 17
Project("{2150E333-8FDC-42A3-9474-1A3956D46DE8}") = "GLFW3", "GLFW3", "{39E8AF08-538C-38CA-BBD9-E9D4F3CF0B34}"
EndProject
Project("{2150E333-8FDC-42A3-9474-1A3956D46DE8}") = "ThirdParty", "ThirdParty", "{9B77CF0D-CD2D-3FB6-964E-FAAE396EECAC}"
EndProject
Project("{2150E333-8FDC-42A3-9474-1A3956D46DE8}") = "_cmake", "_cmake", "{9CF064D2-CD47-3494-A595-E0997E635F24}"
EndProject
Project("{8BC9CEB8-8B4A-11D0-8D11-00A0C91BC942}") = "ALL_BUILD", "ALL_BUILD.vcxproj", "{DD8C4C86-B50E-3F55-8AE1-0A8ACD611122}"
	ProjectSection(ProjectDependencies) = postProject
		{721DA315-61F5-315E-9146-553289682E9B} = {721DA315-61F5-315E-9146-553289682E9B}
		{7FBD6101-B0BD-37A0-8DC8-A2D35DB399C6} = {7FBD6101-B0BD-37A0-8DC8-A2D35DB399C6}
		{31105842-E5C0-30C8-AA2F-EF1BF4A210C1} = {31105842-E5C0-30C8-AA2F-EF1BF4A210C1}
		{D1821FA6-563A-3017-9A14-E38A0092C81F} = {D1821FA6-563A-3017-9A14-E38A0092C81F}
		{5D7D720A-8723-3773-B357-B7D720EED840} = {5D7D720A-8723-3773-B357-B7D720EED840}
		{A68F9E7A-6A0E-3A08-8A5A-97DD37BFE5B1} = {A68F9E7A-6A0E-3A08-8A5A-97DD37BFE5B1}
		{200E4AD3-2D6B-32FD-92D9-962109CD4DD1} = {200E4AD3-2D6B-32FD-92D9-962109CD4DD1}
		{B2941A06-9365-3610-A8A3-04B263B2101A} = {B2941A06-9365-3610-A8A3-04B263B2101A}
		{B89B69E1-F404-3341-A078-E576FE48E447} = {B89B69E1-F404-3341-A078-E576FE48E447}
		{1B2C059E-8D65-341A-8DE4-0913C2CE0766} = {1B2C059E-8D65-341A-8DE4-0913C2CE0766}
		{E4DB19C3-9851-3CC2-A25D-96E550980F62} = {E4DB19C3-9851-3CC2-A25D-96E550980F62}
		{6E7DD78F-8050-3568-B2C3-B80EC9C5A762} = {6E7DD78F-8050-3568-B2C3-B80EC9C5A762}
		{03E27F65-0D2E-3AAF-8775-EE2969044FA7} = {03E27F65-0D2E-3AAF-8775-EE2969044FA7}
		{8704297C-8C6C-3104-A142-5CDC920979C4} = {8704297C-8C6C-3104-A142-5CDC920979C4}
		{DE4B9F0A-06B4-33DE-BEF1-0D372CA5A7BC} = {DE4B9F0A-06B4-33DE-BEF1-0D372CA5A7BC}
		{74B7CBEE-E716-343C-96DC-4ECC968597FF} = {74B7CBEE-E716-343C-96DC-4ECC968597FF}
		{AA95842B-7CBC-3161-BAA4-4CF0CC89431F} = {AA95842B-7CBC-3161-BAA4-4CF0CC89431F}
		{624233FB-0FB5-3E3D-BD1A-6502D1DD8040} = {624233FB-0FB5-3E3D-BD1A-6502D1DD8040}
		{B0B4EDE3-DF63-32DE-BC14-24FD5FF7BA10} = {B0B4EDE3-DF63-32DE-BC14-24FD5FF7BA10}
		{1C24159F-3558-322D-A5B0-217E35F9DDCC} = {1C24159F-3558-322D-A5B0-217E35F9DDCC}
		{1DB9DA6D-C6AE-39C7-A359-B82A626E6326} = {1DB9DA6D-C6AE-39C7-A359-B82A626E6326}
		{8DCC2706-E3FD-3A17-8416-465B5CF50697} = {8DCC2706-E3FD-3A17-8416-465B5CF50697}
		{3FF2EC8A-F446-3227-A715-040BC34D5068} = {3FF2EC8A-F446-3227-A715-040BC34D5068}
		{616692BA-36A6-3860-9383-A208C3F4B44F} = {616692BA-36A6-3860-9383-A208C3F4B44F}
		{016AA5D3-0FFD-3418-BB96-3B00394E81A0} = {016AA5D3-0FFD-3418-BB96-3B00394E81A0}
		{4ED8282D-BD83-3F2F-A440-B04BD6236A23} = {4ED8282D-BD83-3F2F-A440-B04BD6236A23}
		{BD2AB707-A858-30D7-A40B-203D4FA25C14} = {BD2AB707-A858-30D7-A40B-203D4FA25C14}
		{51EC3598-C8F1-373F-B986-07E4FA6EF81D} = {51EC3598-C8F1-373F-B986-07E4FA6EF81D}
		{820C0789-7EDE-3856-9B5C-1758B4C753C2} = {820C0789-7EDE-3856-9B5C-1758B4C753C2}
		{D493CF88-1B77-3ECC-8955-5E9574A39085} = {D493CF88-1B77-3ECC-8955-5E9574A39085}
	EndProjectSection
EndProject
Project("{8BC9CEB8-8B4A-11D0-8D11-00A0C91BC942}") = "INSTALL", "INSTALL.vcxproj", "{99E6DAE8-FC33-3FD3-A2E2-3D5C23126576}"
	ProjectSection(ProjectDependencies) = postProject
		{DD8C4C86-B50E-3F55-8AE1-0A8ACD611122} = {DD8C4C86-B50E-3F55-8AE1-0A8ACD611122}
		{721DA315-61F5-315E-9146-553289682E9B} = {721DA315-61F5-315E-9146-553289682E9B}
	EndProjectSection
EndProject
Project("{8BC9CEB8-8B4A-11D0-8D11-00A0C91BC942}") = "ZERO_CHECK", "ZERO_CHECK.vcxproj", "{721DA315-61F5-315E-9146-553289682E9B}"
	ProjectSection(ProjectDependencies) = postProject
	EndProjectSection
EndProject
Project("{8BC9CEB8-8B4A-11D0-8D11-00A0C91BC942}") = "glfw", "nvpro_core\third_party\glfw\src\glfw.vcxproj", "{7FBD6101-B0BD-37A0-8DC8-A2D35DB399C6}"
	ProjectSection(ProjectDependencies) = postProject
		{721DA315-61F5-315E-9146-553289682E9B} = {721DA315-61F5-315E-9146-553289682E9B}
	EndProjectSection
EndProject
Project("{8BC9CEB8-8B4A-11D0-8D11-00A0C91BC942}") = "imgui", "nvpro_core\third_party\imgui.vcxproj", "{31105842-E5C0-30C8-AA2F-EF1BF4A210C1}"
	ProjectSection(ProjectDependencies) = postProject
		{721DA315-61F5-315E-9146-553289682E9B} = {721DA315-61F5-315E-9146-553289682E9B}
	EndProjectSection
EndProject
Project("{8BC9CEB8-8B4A-11D0-8D11-00A0C91BC942}") = "nvpro_core", "nvpro_core\nvpro_core.vcxproj", "{D1821FA6-563A-3017-9A14-E38A0092C81F}"
	ProjectSection(ProjectDependencies) = postProject
		{721DA315-61F5-315E-9146-553289682E9B} = {721DA315-61F5-315E-9146-553289682E9B}
		{7FBD6101-B0BD-37A0-8DC8-A2D35DB399C6} = {7FBD6101-B0BD-37A0-8DC8-A2D35DB399C6}
		{31105842-E5C0-30C8-AA2F-EF1BF4A210C1} = {31105842-E5C0-30C8-AA2F-EF1BF4A210C1}
	EndProjectSection
EndProject
Project("{8BC9CEB8-8B4A-11D0-8D11-00A0C91BC942}") = "update_mappings", "nvpro_core\third_party\glfw\src\update_mappings.vcxproj", "{8AE13C55-A5CC-3FFD-AF47-D0147AB9C1B7}"
	ProjectSection(ProjectDependencies) = postProject
		{721DA315-61F5-315E-9146-553289682E9B} = {721DA315-61F5-315E-9146-553289682E9B}
	EndProjectSection
EndProject
Project("{8BC9CEB8-8B4A-11D0-8D11-00A0C91BC942}") = "vk_mini_path_tracer", "vk_mini_path_tracer\vk_mini_path_tracer.vcxproj", "{5D7D720A-8723-3773-B357-B7D720EED840}"
	ProjectSection(ProjectDependencies) = postProject
		{721DA315-61F5-315E-9146-553289682E9B} = {721DA315-61F5-315E-9146-553289682E9B}
		{7FBD6101-B0BD-37A0-8DC8-A2D35DB399C6} = {7FBD6101-B0BD-37A0-8DC8-A2D35DB399C6}
		{31105842-E5C0-30C8-AA2F-EF1BF4A210C1} = {31105842-E5C0-30C8-AA2F-EF1BF4A210C1}
		{D1821FA6-563A-3017-9A14-E38A0092C81F} = {D1821FA6-563A-3017-9A14-E38A0092C81F}
	EndProjectSection
EndProject
Project("{8BC9CEB8-8B4A-11D0-8D11-00A0C91BC942}") = "vk_mini_path_tracer_10_mesh_data", "checkpoints\10_mesh_data\vk_mini_path_tracer_10_mesh_data.vcxproj", "{A68F9E7A-6A0E-3A08-8A5A-97DD37BFE5B1}"
	ProjectSection(ProjectDependencies) = postProject
		{721DA315-61F5-315E-9146-553289682E9B} = {721DA315-61F5-315E-9146-553289682E9B}
		{7FBD6101-B0BD-37A0-8DC8-A2D35DB399C6} = {7FBD6101-B0BD-37A0-8DC8-A2D35DB399C6}
		{31105842-E5C0-30C8-AA2F-EF1BF4A210C1} = {31105842-E5C0-30C8-AA2F-EF1BF4A210C1}
		{D1821FA6-563A-3017-9A14-E38A0092C81F} = {D1821FA6-563A-3017-9A14-E38A0092C81F}
	EndProjectSection
EndProject
Project("{8BC9CEB8-8B4A-11D0-8D11-00A0C91BC942}") = "vk_mini_path_tracer_11_specular", "checkpoints\11_specular\vk_mini_path_tracer_11_specular.vcxproj", "{200E4AD3-2D6B-32FD-92D9-962109CD4DD1}"
	ProjectSection(ProjectDependencies) = postProject
		{721DA315-61F5-315E-9146-553289682E9B} = {721DA315-61F5-315E-9146-553289682E9B}
		{7FBD6101-B0BD-37A0-8DC8-A2D35DB399C6} = {7FBD6101-B0BD-37A0-8DC8-A2D35DB399C6}
		{31105842-E5C0-30C8-AA2F-EF1BF4A210C1} = {31105842-E5C0-30C8-AA2F-EF1BF4A210C1}
		{D1821FA6-563A-3017-9A14-E38A0092C81F} = {D1821FA6-563A-3017-9A14-E38A0092C81F}
	EndProjectSection
EndProject
Project("{8BC9CEB8-8B4A-11D0-8D11-00A0C91BC942}") = "vk_mini_path_tracer_12_antialiasing", "checkpoints\12_antialiasing\vk_mini_path_tracer_12_antialiasing.vcxproj", "{B2941A06-9365-3610-A8A3-04B263B2101A}"
	ProjectSection(ProjectDependencies) = postProject
		{721DA315-61F5-315E-9146-553289682E9B} = {721DA315-61F5-315E-9146-553289682E9B}
		{7FBD6101-B0BD-37A0-8DC8-A2D35DB399C6} = {7FBD6101-B0BD-37A0-8DC8-A2D35DB399C6}
		{31105842-E5C0-30C8-AA2F-EF1BF4A210C1} = {31105842-E5C0-30C8-AA2F-EF1BF4A210C1}
		{D1821FA6-563A-3017-9A14-E38A0092C81F} = {D1821FA6-563A-3017-9A14-E38A0092C81F}
	EndProjectSection
EndProject
Project("{8BC9CEB8-8B4A-11D0-8D11-00A0C91BC942}") = "vk_mini_path_tracer_1_hello_vulkan", "checkpoints\1_hello_vulkan\vk_mini_path_tracer_1_hello_vulkan.vcxproj", "{B89B69E1-F404-3341-A078-E576FE48E447}"
	ProjectSection(ProjectDependencies) = postProject
		{721DA315-61F5-315E-9146-553289682E9B} = {721DA315-61F5-315E-9146-553289682E9B}
		{7FBD6101-B0BD-37A0-8DC8-A2D35DB399C6} = {7FBD6101-B0BD-37A0-8DC8-A2D35DB399C6}
		{31105842-E5C0-30C8-AA2F-EF1BF4A210C1} = {31105842-E5C0-30C8-AA2F-EF1BF4A210C1}
		{D1821FA6-563A-3017-9A14-E38A0092C81F} = {D1821FA6-563A-3017-9A14-E38A0092C81F}
	EndProjectSection
EndProject
Project("{8BC9CEB8-8B4A-11D0-8D11-00A0C91BC942}") = "vk_mini_path_tracer_2_extensions", "checkpoints\2_extensions\vk_mini_path_tracer_2_extensions.vcxproj", "{1B2C059E-8D65-341A-8DE4-0913C2CE0766}"
	ProjectSection(ProjectDependencies) = postProject
		{721DA315-61F5-315E-9146-553289682E9B} = {721DA315-61F5-315E-9146-553289682E9B}
		{7FBD6101-B0BD-37A0-8DC8-A2D35DB399C6} = {7FBD6101-B0BD-37A0-8DC8-A2D35DB399C6}
		{31105842-E5C0-30C8-AA2F-EF1BF4A210C1} = {31105842-E5C0-30C8-AA2F-EF1BF4A210C1}
		{D1821FA6-563A-3017-9A14-E38A0092C81F} = {D1821FA6-563A-3017-9A14-E38A0092C81F}
	EndProjectSection
EndProject
Project("{8BC9CEB8-8B4A-11D0-8D11-00A0C91BC942}") = "vk_mini_path_tracer_3_memory", "checkpoints\3_memory\vk_mini_path_tracer_3_memory.vcxproj", "{E4DB19C3-9851-3CC2-A25D-96E550980F62}"
	ProjectSection(ProjectDependencies) = postProject
		{721DA315-61F5-315E-9146-553289682E9B} = {721DA315-61F5-315E-9146-553289682E9B}
		{7FBD6101-B0BD-37A0-8DC8-A2D35DB399C6} = {7FBD6101-B0BD-37A0-8DC8-A2D35DB399C6}
		{31105842-E5C0-30C8-AA2F-EF1BF4A210C1} = {31105842-E5C0-30C8-AA2F-EF1BF4A210C1}
		{D1821FA6-563A-3017-9A14-E38A0092C81F} = {D1821FA6-563A-3017-9A14-E38A0092C81F}
	EndProjectSection
EndProject
Project("{8BC9CEB8-8B4A-11D0-8D11-00A0C91BC942}") = "vk_mini_path_tracer_4_commands", "checkpoints\4_commands\vk_mini_path_tracer_4_commands.vcxproj", "{6E7DD78F-8050-3568-B2C3-B80EC9C5A762}"
	ProjectSection(ProjectDependencies) = postProject
		{721DA315-61F5-315E-9146-553289682E9B} = {721DA315-61F5-315E-9146-553289682E9B}
		{7FBD6101-B0BD-37A0-8DC8-A2D35DB399C6} = {7FBD6101-B0BD-37A0-8DC8-A2D35DB399C6}
		{31105842-E5C0-30C8-AA2F-EF1BF4A210C1} = {31105842-E5C0-30C8-AA2F-EF1BF4A210C1}
		{D1821FA6-563A-3017-9A14-E38A0092C81F} = {D1821FA6-563A-3017-9A14-E38A0092C81F}
	EndProjectSection
EndProject
Project("{8BC9CEB8-8B4A-11D0-8D11-00A0C91BC942}") = "vk_mini_path_tracer_5_write_image", "checkpoints\5_write_image\vk_mini_path_tracer_5_write_image.vcxproj", "{03E27F65-0D2E-3AAF-8775-EE2969044FA7}"
	ProjectSection(ProjectDependencies) = postProject
		{721DA315-61F5-315E-9146-553289682E9B} = {721DA315-61F5-315E-9146-553289682E9B}
		{7FBD6101-B0BD-37A0-8DC8-A2D35DB399C6} = {7FBD6101-B0BD-37A0-8DC8-A2D35DB399C6}
		{31105842-E5C0-30C8-AA2F-EF1BF4A210C1} = {31105842-E5C0-30C8-AA2F-EF1BF4A210C1}
		{D1821FA6-563A-3017-9A14-E38A0092C81F} = {D1821FA6-563A-3017-9A14-E38A0092C81F}
	EndProjectSection
EndProject
Project("{8BC9CEB8-8B4A-11D0-8D11-00A0C91BC942}") = "vk_mini_path_tracer_6_compute_shader", "checkpoints\6_compute_shader\vk_mini_path_tracer_6_compute_shader.vcxproj", "{8704297C-8C6C-3104-A142-5CDC920979C4}"
	ProjectSection(ProjectDependencies) = postProject
		{721DA315-61F5-315E-9146-553289682E9B} = {721DA315-61F5-315E-9146-553289682E9B}
		{7FBD6101-B0BD-37A0-8DC8-A2D35DB399C6} = {7FBD6101-B0BD-37A0-8DC8-A2D35DB399C6}
		{31105842-E5C0-30C8-AA2F-EF1BF4A210C1} = {31105842-E5C0-30C8-AA2F-EF1BF4A210C1}
		{D1821FA6-563A-3017-9A14-E38A0092C81F} = {D1821FA6-563A-3017-9A14-E38A0092C81F}
	EndProjectSection
EndProject
Project("{8BC9CEB8-8B4A-11D0-8D11-00A0C91BC942}") = "vk_mini_path_tracer_7_descriptors", "checkpoints\7_descriptors\vk_mini_path_tracer_7_descriptors.vcxproj", "{DE4B9F0A-06B4-33DE-BEF1-0D372CA5A7BC}"
	ProjectSection(ProjectDependencies) = postProject
		{721DA315-61F5-315E-9146-553289682E9B} = {721DA315-61F5-315E-9146-553289682E9B}
		{7FBD6101-B0BD-37A0-8DC8-A2D35DB399C6} = {7FBD6101-B0BD-37A0-8DC8-A2D35DB399C6}
		{31105842-E5C0-30C8-AA2F-EF1BF4A210C1} = {31105842-E5C0-30C8-AA2F-EF1BF4A210C1}
		{D1821FA6-563A-3017-9A14-E38A0092C81F} = {D1821FA6-563A-3017-9A14-E38A0092C81F}
	EndProjectSection
EndProject
Project("{8BC9CEB8-8B4A-11D0-8D11-00A0C91BC942}") = "vk_mini_path_tracer_8_ray_tracing", "checkpoints\8_ray_tracing\vk_mini_path_tracer_8_ray_tracing.vcxproj", "{74B7CBEE-E716-343C-96DC-4ECC968597FF}"
	ProjectSection(ProjectDependencies) = postProject
		{721DA315-61F5-315E-9146-553289682E9B} = {721DA315-61F5-315E-9146-553289682E9B}
		{7FBD6101-B0BD-37A0-8DC8-A2D35DB399C6} = {7FBD6101-B0BD-37A0-8DC8-A2D35DB399C6}
		{31105842-E5C0-30C8-AA2F-EF1BF4A210C1} = {31105842-E5C0-30C8-AA2F-EF1BF4A210C1}
		{D1821FA6-563A-3017-9A14-E38A0092C81F} = {D1821FA6-563A-3017-9A14-E38A0092C81F}
	EndProjectSection
EndProject
Project("{8BC9CEB8-8B4A-11D0-8D11-00A0C91BC942}") = "vk_mini_path_tracer_9_intersection", "checkpoints\9_intersection\vk_mini_path_tracer_9_intersection.vcxproj", "{AA95842B-7CBC-3161-BAA4-4CF0CC89431F}"
	ProjectSection(ProjectDependencies) = postProject
		{721DA315-61F5-315E-9146-553289682E9B} = {721DA315-61F5-315E-9146-553289682E9B}
		{7FBD6101-B0BD-37A0-8DC8-A2D35DB399C6} = {7FBD6101-B0BD-37A0-8DC8-A2D35DB399C6}
		{31105842-E5C0-30C8-AA2F-EF1BF4A210C1} = {31105842-E5C0-30C8-AA2F-EF1BF4A210C1}
		{D1821FA6-563A-3017-9A14-E38A0092C81F} = {D1821FA6-563A-3017-9A14-E38A0092C81F}
	EndProjectSection
EndProject
Project("{8BC9CEB8-8B4A-11D0-8D11-00A0C91BC942}") = "vk_mini_path_tracer__edit", "_edit\vk_mini_path_tracer__edit.vcxproj", "{624233FB-0FB5-3E3D-BD1A-6502D1DD8040}"
	ProjectSection(ProjectDependencies) = postProject
		{721DA315-61F5-315E-9146-553289682E9B} = {721DA315-61F5-315E-9146-553289682E9B}
		{7FBD6101-B0BD-37A0-8DC8-A2D35DB399C6} = {7FBD6101-B0BD-37A0-8DC8-A2D35DB399C6}
		{31105842-E5C0-30C8-AA2F-EF1BF4A210C1} = {31105842-E5C0-30C8-AA2F-EF1BF4A210C1}
		{D1821FA6-563A-3017-9A14-E38A0092C81F} = {D1821FA6-563A-3017-9A14-E38A0092C81F}
	EndProjectSection
EndProject
Project("{8BC9CEB8-8B4A-11D0-8D11-00A0C91BC942}") = "vk_mini_path_tracer_e10_materials", "checkpoints\e10_materials\vk_mini_path_tracer_e10_materials.vcxproj", "{B0B4EDE3-DF63-32DE-BC14-24FD5FF7BA10}"
	ProjectSection(ProjectDependencies) = postProject
		{721DA315-61F5-315E-9146-553289682E9B} = {721DA315-61F5-315E-9146-553289682E9B}
		{7FBD6101-B0BD-37A0-8DC8-A2D35DB399C6} = {7FBD6101-B0BD-37A0-8DC8-A2D35DB399C6}
		{31105842-E5C0-30C8-AA2F-EF1BF4A210C1} = {31105842-E5C0-30C8-AA2F-EF1BF4A210C1}
		{D1821FA6-563A-3017-9A14-E38A0092C81F} = {D1821FA6-563A-3017-9A14-E38A0092C81F}
	EndProjectSection
EndProject
Project("{8BC9CEB8-8B4A-11D0-8D11-00A0C91BC942}") = "vk_mini_path_tracer_e11_rt_pipeline_1", "checkpoints\e11_rt_pipeline_1\vk_mini_path_tracer_e11_rt_pipeline_1.vcxproj", "{1C24159F-3558-322D-A5B0-217E35F9DDCC}"
	ProjectSection(ProjectDependencies) = postProject
		{721DA315-61F5-315E-9146-553289682E9B} = {721DA315-61F5-315E-9146-553289682E9B}
		{7FBD6101-B0BD-37A0-8DC8-A2D35DB399C6} = {7FBD6101-B0BD-37A0-8DC8-A2D35DB399C6}
		{31105842-E5C0-30C8-AA2F-EF1BF4A210C1} = {31105842-E5C0-30C8-AA2F-EF1BF4A210C1}
		{D1821FA6-563A-3017-9A14-E38A0092C81F} = {D1821FA6-563A-3017-9A14-E38A0092C81F}
	EndProjectSection
EndProject
Project("{8BC9CEB8-8B4A-11D0-8D11-00A0C91BC942}") = "vk_mini_path_tracer_e11_rt_pipeline_2", "checkpoints\e11_rt_pipeline_2\vk_mini_path_tracer_e11_rt_pipeline_2.vcxproj", "{1DB9DA6D-C6AE-39C7-A359-B82A626E6326}"
	ProjectSection(ProjectDependencies) = postProject
		{721DA315-61F5-315E-9146-553289682E9B} = {721DA315-61F5-315E-9146-553289682E9B}
		{7FBD6101-B0BD-37A0-8DC8-A2D35DB399C6} = {7FBD6101-B0BD-37A0-8DC8-A2D35DB399C6}
		{31105842-E5C0-30C8-AA2F-EF1BF4A210C1} = {31105842-E5C0-30C8-AA2F-EF1BF4A210C1}
		{D1821FA6-563A-3017-9A14-E38A0092C81F} = {D1821FA6-563A-3017-9A14-E38A0092C81F}
	EndProjectSection
EndProject
Project("{8BC9CEB8-8B4A-11D0-8D11-00A0C91BC942}") = "vk_mini_path_tracer_e11_rt_pipeline_3", "checkpoints\e11_rt_pipeline_3\vk_mini_path_tracer_e11_rt_pipeline_3.vcxproj", "{8DCC2706-E3FD-3A17-8416-465B5CF50697}"
	ProjectSection(ProjectDependencies) = postProject
		{721DA315-61F5-315E-9146-553289682E9B} = {721DA315-61F5-315E-9146-553289682E9B}
		{7FBD6101-B0BD-37A0-8DC8-A2D35DB399C6} = {7FBD6101-B0BD-37A0-8DC8-A2D35DB399C6}
		{31105842-E5C0-30C8-AA2F-EF1BF4A210C1} = {31105842-E5C0-30C8-AA2F-EF1BF4A210C1}
		{D1821FA6-563A-3017-9A14-E38A0092C81F} = {D1821FA6-563A-3017-9A14-E38A0092C81F}
	EndProjectSection
EndProject
Project("{8BC9CEB8-8B4A-11D0-8D11-00A0C91BC942}") = "vk_mini_path_tracer_e1_gaussian", "checkpoints\e1_gaussian\vk_mini_path_tracer_e1_gaussian.vcxproj", "{3FF2EC8A-F446-3227-A715-040BC34D5068}"
	ProjectSection(ProjectDependencies) = postProject
		{721DA315-61F5-315E-9146-553289682E9B} = {721DA315-61F5-315E-9146-553289682E9B}
		{7FBD6101-B0BD-37A0-8DC8-A2D35DB399C6} = {7FBD6101-B0BD-37A0-8DC8-A2D35DB399C6}
		{31105842-E5C0-30C8-AA2F-EF1BF4A210C1} = {31105842-E5C0-30C8-AA2F-EF1BF4A210C1}
		{D1821FA6-563A-3017-9A14-E38A0092C81F} = {D1821FA6-563A-3017-9A14-E38A0092C81F}
	EndProjectSection
EndProject
Project("{8BC9CEB8-8B4A-11D0-8D11-00A0C91BC942}") = "vk_mini_path_tracer_e3_compaction", "checkpoints\e3_compaction\vk_mini_path_tracer_e3_compaction.vcxproj", "{616692BA-36A6-3860-9383-A208C3F4B44F}"
	ProjectSection(ProjectDependencies) = postProject
		{721DA315-61F5-315E-9146-553289682E9B} = {721DA315-61F5-315E-9146-553289682E9B}
		{7FBD6101-B0BD-37A0-8DC8-A2D35DB399C6} = {7FBD6101-B0BD-37A0-8DC8-A2D35DB399C6}
		{31105842-E5C0-30C8-AA2F-EF1BF4A210C1} = {31105842-E5C0-30C8-AA2F-EF1BF4A210C1}
		{D1821FA6-563A-3017-9A14-E38A0092C81F} = {D1821FA6-563A-3017-9A14-E38A0092C81F}
	EndProjectSection
EndProject
Project("{8BC9CEB8-8B4A-11D0-8D11-00A0C91BC942}") = "vk_mini_path_tracer_e4_include", "checkpoints\e4_include\vk_mini_path_tracer_e4_include.vcxproj", "{016AA5D3-0FFD-3418-BB96-3B00394E81A0}"
	ProjectSection(ProjectDependencies) = postProject
		{721DA315-61F5-315E-9146-553289682E9B} = {721DA315-61F5-315E-9146-553289682E9B}
		{7FBD6101-B0BD-37A0-8DC8-A2D35DB399C6} = {7FBD6101-B0BD-37A0-8DC8-A2D35DB399C6}
		{31105842-E5C0-30C8-AA2F-EF1BF4A210C1} = {31105842-E5C0-30C8-AA2F-EF1BF4A210C1}
		{D1821FA6-563A-3017-9A14-E38A0092C81F} = {D1821FA6-563A-3017-9A14-E38A0092C81F}
	EndProjectSection
EndProject
Project("{8BC9CEB8-8B4A-11D0-8D11-00A0C91BC942}") = "vk_mini_path_tracer_e5_push_constants", "checkpoints\e5_push_constants\vk_mini_path_tracer_e5_push_constants.vcxproj", "{4ED8282D-BD83-3F2F-A440-B04BD6236A23}"
	ProjectSection(ProjectDependencies) = postProject
		{721DA315-61F5-315E-9146-553289682E9B} = {721DA315-61F5-315E-9146-553289682E9B}
		{7FBD6101-B0BD-37A0-8DC8-A2D35DB399C6} = {7FBD6101-B0BD-37A0-8DC8-A2D35DB399C6}
		{31105842-E5C0-30C8-AA2F-EF1BF4A210C1} = {31105842-E5C0-30C8-AA2F-EF1BF4A210C1}
		{D1821FA6-563A-3017-9A14-E38A0092C81F} = {D1821FA6-563A-3017-9A14-E38A0092C81F}
	EndProjectSection
EndProject
Project("{8BC9CEB8-8B4A-11D0-8D11-00A0C91BC942}") = "vk_mini_path_tracer_e6_more_samples", "checkpoints\e6_more_samples\vk_mini_path_tracer_e6_more_samples.vcxproj", "{BD2AB707-A858-30D7-A40B-203D4FA25C14}"
	ProjectSection(ProjectDependencies) = postProject
		{721DA315-61F5-315E-9146-553289682E9B} = {721DA315-61F5-315E-9146-553289682E9B}
		{7FBD6101-B0BD-37A0-8DC8-A2D35DB399C6} = {7FBD6101-B0BD-37A0-8DC8-A2D35DB399C6}
		{31105842-E5C0-30C8-AA2F-EF1BF4A210C1} = {31105842-E5C0-30C8-AA2F-EF1BF4A210C1}
		{D1821FA6-563A-3017-9A14-E38A0092C81F} = {D1821FA6-563A-3017-9A14-E38A0092C81F}
	EndProjectSection
EndProject
Project("{8BC9CEB8-8B4A-11D0-8D11-00A0C91BC942}") = "vk_mini_path_tracer_e7_image", "checkpoints\e7_image\vk_mini_path_tracer_e7_image.vcxproj", "{51EC3598-C8F1-373F-B986-07E4FA6EF81D}"
	ProjectSection(ProjectDependencies) = postProject
		{721DA315-61F5-315E-9146-553289682E9B} = {721DA315-61F5-315E-9146-553289682E9B}
		{7FBD6101-B0BD-37A0-8DC8-A2D35DB399C6} = {7FBD6101-B0BD-37A0-8DC8-A2D35DB399C6}
		{31105842-E5C0-30C8-AA2F-EF1BF4A210C1} = {31105842-E5C0-30C8-AA2F-EF1BF4A210C1}
		{D1821FA6-563A-3017-9A14-E38A0092C81F} = {D1821FA6-563A-3017-9A14-E38A0092C81F}
	EndProjectSection
EndProject
Project("{8BC9CEB8-8B4A-11D0-8D11-00A0C91BC942}") = "vk_mini_path_tracer_e8_debug_names", "checkpoints\e8_debug_names\vk_mini_path_tracer_e8_debug_names.vcxproj", "{820C0789-7EDE-3856-9B5C-1758B4C753C2}"
	ProjectSection(ProjectDependencies) = postProject
		{721DA315-61F5-315E-9146-553289682E9B} = {721DA315-61F5-315E-9146-553289682E9B}
		{7FBD6101-B0BD-37A0-8DC8-A2D35DB399C6} = {7FBD6101-B0BD-37A0-8DC8-A2D35DB399C6}
		{31105842-E5C0-30C8-AA2F-EF1BF4A210C1} = {31105842-E5C0-30C8-AA2F-EF1BF4A210C1}
		{D1821FA6-563A-3017-9A14-E38A0092C81F} = {D1821FA6-563A-3017-9A14-E38A0092C81F}
	EndProjectSection
EndProject
Project("{8BC9CEB8-8B4A-11D0-8D11-00A0C91BC942}") = "vk_mini_path_tracer_e9_instances", "checkpoints\e9_instances\vk_mini_path_tracer_e9_instances.vcxproj", "{D493CF88-1B77-3ECC-8955-5E9574A39085}"
	ProjectSection(ProjectDependencies) = postProject
		{721DA315-61F5-315E-9146-553289682E9B} = {721DA315-61F5-315E-9146-553289682E9B}
		{7FBD6101-B0BD-37A0-8DC8-A2D35DB399C6} = {7FBD6101-B0BD-37A0-8DC8-A2D35DB399C6}
		{31105842-E5C0-30C8-AA2F-EF1BF4A210C1} = {31105842-E5C0-30C8-AA2F-EF1BF4A210C1}
		{D1821FA6-563A-3017-9A14-E38A0092C81F} = {D1821FA6-563A-3017-9A14-E38A0092C81F}
	EndProjectSection
EndProject
Global
	GlobalSection(SolutionConfigurationPlatforms) = preSolution
		Debug|x64 = Debug|x64
		Release|x64 = Release|x64
		MinSizeRel|x64 = MinSizeRel|x64
		RelWithDebInfo|x64 = RelWithDebInfo|x64
	EndGlobalSection
	GlobalSection(ProjectConfigurationPlatforms) = postSolution
		{DD8C4C86-B50E-3F55-8AE1-0A8ACD611122}.Debug|x64.ActiveCfg = Debug|x64
		{DD8C4C86-B50E-3F55-8AE1-0A8ACD611122}.Debug|x64.Build.0 = Debug|x64
		{DD8C4C86-B50E-3F55-8AE1-0A8ACD611122}.Release|x64.ActiveCfg = Release|x64
		{DD8C4C86-B50E-3F55-8AE1-0A8ACD611122}.Release|x64.Build.0 = Release|x64
		{DD8C4C86-B50E-3F55-8AE1-0A8ACD611122}.MinSizeRel|x64.ActiveCfg = MinSizeRel|x64
		{DD8C4C86-B50E-3F55-8AE1-0A8ACD611122}.MinSizeRel|x64.Build.0 = MinSizeRel|x64
		{DD8C4C86-B50E-3F55-8AE1-0A8ACD611122}.RelWithDebInfo|x64.ActiveCfg = RelWithDebInfo|x64
		{DD8C4C86-B50E-3F55-8AE1-0A8ACD611122}.RelWithDebInfo|x64.Build.0 = RelWithDebInfo|x64
		{99E6DAE8-FC33-3FD3-A2E2-3D5C23126576}.Debug|x64.ActiveCfg = Debug|x64
		{99E6DAE8-FC33-3FD3-A2E2-3D5C23126576}.Release|x64.ActiveCfg = Release|x64
		{99E6DAE8-FC33-3FD3-A2E2-3D5C23126576}.MinSizeRel|x64.ActiveCfg = MinSizeRel|x64
		{99E6DAE8-FC33-3FD3-A2E2-3D5C23126576}.RelWithDebInfo|x64.ActiveCfg = RelWithDebInfo|x64
		{721DA315-61F5-315E-9146-553289682E9B}.Debug|x64.ActiveCfg = Debug|x64
		{721DA315-61F5-315E-9146-553289682E9B}.Debug|x64.Build.0 = Debug|x64
		{721DA315-61F5-315E-9146-553289682E9B}.Release|x64.ActiveCfg = Release|x64
		{721DA315-61F5-315E-9146-553289682E9B}.Release|x64.Build.0 = Release|x64
		{721DA315-61F5-315E-9146-553289682E9B}.MinSizeRel|x64.ActiveCfg = MinSizeRel|x64
		{721DA315-61F5-315E-9146-553289682E9B}.MinSizeRel|x64.Build.0 = MinSizeRel|x64
		{721DA315-61F5-315E-9146-553289682E9B}.RelWithDebInfo|x64.ActiveCfg = RelWithDebInfo|x64
		{721DA315-61F5-315E-9146-553289682E9B}.RelWithDebInfo|x64.Build.0 = RelWithDebInfo|x64
		{7FBD6101-B0BD-37A0-8DC8-A2D35DB399C6}.Debug|x64.ActiveCfg = Debug|x64
		{7FBD6101-B0BD-37A0-8DC8-A2D35DB399C6}.Debug|x64.Build.0 = Debug|x64
		{7FBD6101-B0BD-37A0-8DC8-A2D35DB399C6}.Release|x64.ActiveCfg = Release|x64
		{7FBD6101-B0BD-37A0-8DC8-A2D35DB399C6}.Release|x64.Build.0 = Release|x64
		{7FBD6101-B0BD-37A0-8DC8-A2D35DB399C6}.MinSizeRel|x64.ActiveCfg = MinSizeRel|x64
		{7FBD6101-B0BD-37A0-8DC8-A2D35DB399C6}.MinSizeRel|x64.Build.0 = MinSizeRel|x64
		{7FBD6101-B0BD-37A0-8DC8-A2D35DB399C6}.RelWithDebInfo|x64.ActiveCfg = RelWithDebInfo|x64
		{7FBD6101-B0BD-37A0-8DC8-A2D35DB399C6}.RelWithDebInfo|x64.Build.0 = RelWithDebInfo|x64
		{31105842-E5C0-30C8-AA2F-EF1BF4A210C1}.Debug|x64.ActiveCfg = Debug|x64
		{31105842-E5C0-30C8-AA2F-EF1BF4A210C1}.Debug|x64.Build.0 = Debug|x64
		{31105842-E5C0-30C8-AA2F-EF1BF4A210C1}.Release|x64.ActiveCfg = Release|x64
		{31105842-E5C0-30C8-AA2F-EF1BF4A210C1}.Release|x64.Build.0 = Release|x64
		{31105842-E5C0-30C8-AA2F-EF1BF4A210C1}.MinSizeRel|x64.ActiveCfg = MinSizeRel|x64
		{31105842-E5C0-30C8-AA2F-EF1BF4A210C1}.MinSizeRel|x64.Build.0 = MinSizeRel|x64
		{31105842-E5C0-30C8-AA2F-EF1BF4A210C1}.RelWithDebInfo|x64.ActiveCfg = RelWithDebInfo|x64
		{31105842-E5C0-30C8-AA2F-EF1BF4A210C1}.RelWithDebInfo|x64.Build.0 = RelWithDebInfo|x64
		{D1821FA6-563A-3017-9A14-E38A0092C81F}.Debug|x64.ActiveCfg = Debug|x64
		{D1821FA6-563A-3017-9A14-E38A0092C81F}.Debug|x64.Build.0 = Debug|x64
		{D1821FA6-563A-3017-9A14-E38A0092C81F}.Release|x64.ActiveCfg = Release|x64
		{D1821FA6-563A-3017-9A14-E38A0092C81F}.Release|x64.Build.0 = Release|x64
		{D1821FA6-563A-3017-9A14-E38A0092C81F}.MinSizeRel|x64.ActiveCfg = MinSizeRel|x64
		{D1821FA6-563A-3017-9A14-E38A0092C81F}.MinSizeRel|x64.Build.0 = MinSizeRel|x64
		{D1821FA6-563A-3017-9A14-E38A0092C81F}.RelWithDebInfo|x64.ActiveCfg = RelWithDebInfo|x64
		{D1821FA6-563A-3017-9A14-E38A0092C81F}.RelWithDebInfo|x64.Build.0 = RelWithDebInfo|x64
		{8AE13C55-A5CC-3FFD-AF47-D0147AB9C1B7}.Debug|x64.ActiveCfg = Debug|x64
		{8AE13C55-A5CC-3FFD-AF47-D0147AB9C1B7}.Release|x64.ActiveCfg = Release|x64
		{8AE13C55-A5CC-3FFD-AF47-D0147AB9C1B7}.MinSizeRel|x64.ActiveCfg = MinSizeRel|x64
		{8AE13C55-A5CC-3FFD-AF47-D0147AB9C1B7}.RelWithDebInfo|x64.ActiveCfg = RelWithDebInfo|x64
		{5D7D720A-8723-3773-B357-B7D720EED840}.Debug|x64.ActiveCfg = Debug|x64
		{5D7D720A-8723-3773-B357-B7D720EED840}.Debug|x64.Build.0 = Debug|x64
		{5D7D720A-8723-3773-B357-B7D720EED840}.Release|x64.ActiveCfg = Release|x64
		{5D7D720A-8723-3773-B357-B7D720EED840}.Release|x64.Build.0 = Release|x64
		{5D7D720A-8723-3773-B357-B7D720EED840}.MinSizeRel|x64.ActiveCfg = MinSizeRel|x64
		{5D7D720A-8723-3773-B357-B7D720EED840}.MinSizeRel|x64.Build.0 = MinSizeRel|x64
		{5D7D720A-8723-3773-B357-B7D720EED840}.RelWithDebInfo|x64.ActiveCfg = RelWithDebInfo|x64
		{5D7D720A-8723-3773-B357-B7D720EED840}.RelWithDebInfo|x64.Build.0 = RelWithDebInfo|x64
		{A68F9E7A-6A0E-3A08-8A5A-97DD37BFE5B1}.Debug|x64.ActiveCfg = Debug|x64
		{A68F9E7A-6A0E-3A08-8A5A-97DD37BFE5B1}.Debug|x64.Build.0 = Debug|x64
		{A68F9E7A-6A0E-3A08-8A5A-97DD37BFE5B1}.Release|x64.ActiveCfg = Release|x64
		{A68F9E7A-6A0E-3A08-8A5A-97DD37BFE5B1}.Release|x64.Build.0 = Release|x64
		{A68F9E7A-6A0E-3A08-8A5A-97DD37BFE5B1}.MinSizeRel|x64.ActiveCfg = MinSizeRel|x64
		{A68F9E7A-6A0E-3A08-8A5A-97DD37BFE5B1}.MinSizeRel|x64.Build.0 = MinSizeRel|x64
		{A68F9E7A-6A0E-3A08-8A5A-97DD37BFE5B1}.RelWithDebInfo|x64.ActiveCfg = RelWithDebInfo|x64
		{A68F9E7A-6A0E-3A08-8A5A-97DD37BFE5B1}.RelWithDebInfo|x64.Build.0 = RelWithDebInfo|x64
		{200E4AD3-2D6B-32FD-92D9-962109CD4DD1}.Debug|x64.ActiveCfg = Debug|x64
		{200E4AD3-2D6B-32FD-92D9-962109CD4DD1}.Debug|x64.Build.0 = Debug|x64
		{200E4AD3-2D6B-32FD-92D9-962109CD4DD1}.Release|x64.ActiveCfg = Release|x64
		{200E4AD3-2D6B-32FD-92D9-962109CD4DD1}.Release|x64.Build.0 = Release|x64
		{200E4AD3-2D6B-32FD-92D9-962109CD4DD1}.MinSizeRel|x64.ActiveCfg = MinSizeRel|x64
		{200E4AD3-2D6B-32FD-92D9-962109CD4DD1}.MinSizeRel|x64.Build.0 = MinSizeRel|x64
		{200E4AD3-2D6B-32FD-92D9-962109CD4DD1}.RelWithDebInfo|x64.ActiveCfg = RelWithDebInfo|x64
		{200E4AD3-2D6B-32FD-92D9-962109CD4DD1}.RelWithDebInfo|x64.Build.0 = RelWithDebInfo|x64
		{B2941A06-9365-3610-A8A3-04B263B2101A}.Debug|x64.ActiveCfg = Debug|x64
		{B2941A06-9365-3610-A8A3-04B263B2101A}.Debug|x64.Build.0 = Debug|x64
		{B2941A06-9365-3610-A8A3-04B263B2101A}.Release|x64.ActiveCfg = Release|x64
		{B2941A06-9365-3610-A8A3-04B263B2101A}.Release|x64.Build.0 = Release|x64
		{B2941A06-9365-3610-A8A3-04B263B2101A}.MinSizeRel|x64.ActiveCfg = MinSizeRel|x64
		{B2941A06-9365-3610-A8A3-04B263B2101A}.MinSizeRel|x64.Build.0 = MinSizeRel|x64
		{B2941A06-9365-3610-A8A3-04B263B2101A}.RelWithDebInfo|x64.ActiveCfg = RelWithDebInfo|x64
		{B2941A06-9365-3610-A8A3-04B263B2101A}.RelWithDebInfo|x64.Build.0 = RelWithDebInfo|x64
		{B89B69E1-F404-3341-A078-E576FE48E447}.Debug|x64.ActiveCfg = Debug|x64
		{B89B69E1-F404-3341-A078-E576FE48E447}.Debug|x64.Build.0 = Debug|x64
		{B89B69E1-F404-3341-A078-E576FE48E447}.Release|x64.ActiveCfg = Release|x64
		{B89B69E1-F404-3341-A078-E576FE48E447}.Release|x64.Build.0 = Release|x64
		{B89B69E1-F404-3341-A078-E576FE48E447}.MinSizeRel|x64.ActiveCfg = MinSizeRel|x64
		{B89B69E1-F404-3341-A078-E576FE48E447}.MinSizeRel|x64.Build.0 = MinSizeRel|x64
		{B89B69E1-F404-3341-A078-E576FE48E447}.RelWithDebInfo|x64.ActiveCfg = RelWithDebInfo|x64
		{B89B69E1-F404-3341-A078-E576FE48E447}.RelWithDebInfo|x64.Build.0 = RelWithDebInfo|x64
		{1B2C059E-8D65-341A-8DE4-0913C2CE0766}.Debug|x64.ActiveCfg = Debug|x64
		{1B2C059E-8D65-341A-8DE4-0913C2CE0766}.Debug|x64.Build.0 = Debug|x64
		{1B2C059E-8D65-341A-8DE4-0913C2CE0766}.Release|x64.ActiveCfg = Release|x64
		{1B2C059E-8D65-341A-8DE4-0913C2CE0766}.Release|x64.Build.0 = Release|x64
		{1B2C059E-8D65-341A-8DE4-0913C2CE0766}.MinSizeRel|x64.ActiveCfg = MinSizeRel|x64
		{1B2C059E-8D65-341A-8DE4-0913C2CE0766}.MinSizeRel|x64.Build.0 = MinSizeRel|x64
		{1B2C059E-8D65-341A-8DE4-0913C2CE0766}.RelWithDebInfo|x64.ActiveCfg = RelWithDebInfo|x64
		{1B2C059E-8D65-341A-8DE4-0913C2CE0766}.RelWithDebInfo|x64.Build.0 = RelWithDebInfo|x64
		{E4DB19C3-9851-3CC2-A25D-96E550980F62}.Debug|x64.ActiveCfg = Debug|x64
		{E4DB19C3-9851-3CC2-A25D-96E550980F62}.Debug|x64.Build.0 = Debug|x64
		{E4DB19C3-9851-3CC2-A25D-96E550980F62}.Release|x64.ActiveCfg = Release|x64
		{E4DB19C3-9851-3CC2-A25D-96E550980F62}.Release|x64.Build.0 = Release|x64
		{E4DB19C3-9851-3CC2-A25D-96E550980F62}.MinSizeRel|x64.ActiveCfg = MinSizeRel|x64
		{E4DB19C3-9851-3CC2-A25D-96E550980F62}.MinSizeRel|x64.Build.0 = MinSizeRel|x64
		{E4DB19C3-9851-3CC2-A25D-96E550980F62}.RelWithDebInfo|x64.ActiveCfg = RelWithDebInfo|x64
		{E4DB19C3-9851-3CC2-A25D-96E550980F62}.RelWithDebInfo|x64.Build.0 = RelWithDebInfo|x64
		{6E7DD78F-8050-3568-B2C3-B80EC9C5A762}.Debug|x64.ActiveCfg = Debug|x64
		{6E7DD78F-8050-3568-B2C3-B80EC9C5A762}.Debug|x64.Build.0 = Debug|x64
		{6E7DD78F-8050-3568-B2C3-B80EC9C5A762}.Release|x64.ActiveCfg = Release|x64
		{6E7DD78F-8050-3568-B2C3-B80EC9C5A762}.Release|x64.Build.0 = Release|x64
		{6E7DD78F-8050-3568-B2C3-B80EC9C5A762}.MinSizeRel|x64.ActiveCfg = MinSizeRel|x64
		{6E7DD78F-8050-3568-B2C3-B80EC9C5A762}.MinSizeRel|x64.Build.0 = MinSizeRel|x64
		{6E7DD78F-8050-3568-B2C3-B80EC9C5A762}.RelWithDebInfo|x64.ActiveCfg = RelWithDebInfo|x64
		{6E7DD78F-8050-3568-B2C3-B80EC9C5A762}.RelWithDebInfo|x64.Build.0 = RelWithDebInfo|x64
		{03E27F65-0D2E-3AAF-8775-EE2969044FA7}.Debug|x64.ActiveCfg = Debug|x64
		{03E27F65-0D2E-3AAF-8775-EE2969044FA7}.Debug|x64.Build.0 = Debug|x64
		{03E27F65-0D2E-3AAF-8775-EE2969044FA7}.Release|x64.ActiveCfg = Release|x64
		{03E27F65-0D2E-3AAF-8775-EE2969044FA7}.Release|x64.Build.0 = Release|x64
		{03E27F65-0D2E-3AAF-8775-EE2969044FA7}.MinSizeRel|x64.ActiveCfg = MinSizeRel|x64
		{03E27F65-0D2E-3AAF-8775-EE2969044FA7}.MinSizeRel|x64.Build.0 = MinSizeRel|x64
		{03E27F65-0D2E-3AAF-8775-EE2969044FA7}.RelWithDebInfo|x64.ActiveCfg = RelWithDebInfo|x64
		{03E27F65-0D2E-3AAF-8775-EE2969044FA7}.RelWithDebInfo|x64.Build.0 = RelWithDebInfo|x64
		{8704297C-8C6C-3104-A142-5CDC920979C4}.Debug|x64.ActiveCfg = Debug|x64
		{8704297C-8C6C-3104-A142-5CDC920979C4}.Debug|x64.Build.0 = Debug|x64
		{8704297C-8C6C-3104-A142-5CDC920979C4}.Release|x64.ActiveCfg = Release|x64
		{8704297C-8C6C-3104-A142-5CDC920979C4}.Release|x64.Build.0 = Release|x64
		{8704297C-8C6C-3104-A142-5CDC920979C4}.MinSizeRel|x64.ActiveCfg = MinSizeRel|x64
		{8704297C-8C6C-3104-A142-5CDC920979C4}.MinSizeRel|x64.Build.0 = MinSizeRel|x64
		{8704297C-8C6C-3104-A142-5CDC920979C4}.RelWithDebInfo|x64.ActiveCfg = RelWithDebInfo|x64
		{8704297C-8C6C-3104-A142-5CDC920979C4}.RelWithDebInfo|x64.Build.0 = RelWithDebInfo|x64
		{DE4B9F0A-06B4-33DE-BEF1-0D372CA5A7BC}.Debug|x64.ActiveCfg = Debug|x64
		{DE4B9F0A-06B4-33DE-BEF1-0D372CA5A7BC}.Debug|x64.Build.0 = Debug|x64
		{DE4B9F0A-06B4-33DE-BEF1-0D372CA5A7BC}.Release|x64.ActiveCfg = Release|x64
		{DE4B9F0A-06B4-33DE-BEF1-0D372CA5A7BC}.Release|x64.Build.0 = Release|x64
		{DE4B9F0A-06B4-33DE-BEF1-0D372CA5A7BC}.MinSizeRel|x64.ActiveCfg = MinSizeRel|x64
		{DE4B9F0A-06B4-33DE-BEF1-0D372CA5A7BC}.MinSizeRel|x64.Build.0 = MinSizeRel|x64
		{DE4B9F0A-06B4-33DE-BEF1-0D372CA5A7BC}.RelWithDebInfo|x64.ActiveCfg = RelWithDebInfo|x64
		{DE4B9F0A-06B4-33DE-BEF1-0D372CA5A7BC}.RelWithDebInfo|x64.Build.0 = RelWithDebInfo|x64
		{74B7CBEE-E716-343C-96DC-4ECC968597FF}.Debug|x64.ActiveCfg = Debug|x64
		{74B7CBEE-E716-343C-96DC-4ECC968597FF}.Debug|x64.Build.0 = Debug|x64
		{74B7CBEE-E716-343C-96DC-4ECC968597FF}.Release|x64.ActiveCfg = Release|x64
		{74B7CBEE-E716-343C-96DC-4ECC968597FF}.Release|x64.Build.0 = Release|x64
		{74B7CBEE-E716-343C-96DC-4ECC968597FF}.MinSizeRel|x64.ActiveCfg = MinSizeRel|x64
		{74B7CBEE-E716-343C-96DC-4ECC968597FF}.MinSizeRel|x64.Build.0 = MinSizeRel|x64
		{74B7CBEE-E716-343C-96DC-4ECC968597FF}.RelWithDebInfo|x64.ActiveCfg = RelWithDebInfo|x64
		{74B7CBEE-E716-343C-96DC-4ECC968597FF}.RelWithDebInfo|x64.Build.0 = RelWithDebInfo|x64
		{AA95842B-7CBC-3161-BAA4-4CF0CC89431F}.Debug|x64.ActiveCfg = Debug|x64
		{AA95842B-7CBC-3161-BAA4-4CF0CC89431F}.Debug|x64.Build.0 = Debug|x64
		{AA95842B-7CBC-3161-BAA4-4CF0CC89431F}.Release|x64.ActiveCfg = Release|x64
		{AA95842B-7CBC-3161-BAA4-4CF0CC89431F}.Release|x64.Build.0 = Release|x64
		{AA95842B-7CBC-3161-BAA4-4CF0CC89431F}.MinSizeRel|x64.ActiveCfg = MinSizeRel|x64
		{AA95842B-7CBC-3161-BAA4-4CF0CC89431F}.MinSizeRel|x64.Build.0 = MinSizeRel|x64
		{AA95842B-7CBC-3161-BAA4-4CF0CC89431F}.RelWithDebInfo|x64.ActiveCfg = RelWithDebInfo|x64
		{AA95842B-7CBC-3161-BAA4-4CF0CC89431F}.RelWithDebInfo|x64.Build.0 = RelWithDebInfo|x64
		{624233FB-0FB5-3E3D-BD1A-6502D1DD8040}.Debug|x64.ActiveCfg = Debug|x64
		{624233FB-0FB5-3E3D-BD1A-6502D1DD8040}.Debug|x64.Build.0 = Debug|x64
		{624233FB-0FB5-3E3D-BD1A-6502D1DD8040}.Release|x64.ActiveCfg = Release|x64
		{624233FB-0FB5-3E3D-BD1A-6502D1DD8040}.Release|x64.Build.0 = Release|x64
		{624233FB-0FB5-3E3D-BD1A-6502D1DD8040}.MinSizeRel|x64.ActiveCfg = MinSizeRel|x64
		{624233FB-0FB5-3E3D-BD1A-6502D1DD8040}.MinSizeRel|x64.Build.0 = MinSizeRel|x64
		{624233FB-0FB5-3E3D-BD1A-6502D1DD8040}.RelWithDebInfo|x64.ActiveCfg = RelWithDebInfo|x64
		{624233FB-0FB5-3E3D-BD1A-6502D1DD8040}.RelWithDebInfo|x64.Build.0 = RelWithDebInfo|x64
		{B0B4EDE3-DF63-32DE-BC14-24FD5FF7BA10}.Debug|x64.ActiveCfg = Debug|x64
		{B0B4EDE3-DF63-32DE-BC14-24FD5FF7BA10}.Debug|x64.Build.0 = Debug|x64
		{B0B4EDE3-DF63-32DE-BC14-24FD5FF7BA10}.Release|x64.ActiveCfg = Release|x64
		{B0B4EDE3-DF63-32DE-BC14-24FD5FF7BA10}.Release|x64.Build.0 = Release|x64
		{B0B4EDE3-DF63-32DE-BC14-24FD5FF7BA10}.MinSizeRel|x64.ActiveCfg = MinSizeRel|x64
		{B0B4EDE3-DF63-32DE-BC14-24FD5FF7BA10}.MinSizeRel|x64.Build.0 = MinSizeRel|x64
		{B0B4EDE3-DF63-32DE-BC14-24FD5FF7BA10}.RelWithDebInfo|x64.ActiveCfg = RelWithDebInfo|x64
		{B0B4EDE3-DF63-32DE-BC14-24FD5FF7BA10}.RelWithDebInfo|x64.Build.0 = RelWithDebInfo|x64
		{1C24159F-3558-322D-A5B0-217E35F9DDCC}.Debug|x64.ActiveCfg = Debug|x64
		{1C24159F-3558-322D-A5B0-217E35F9DDCC}.Debug|x64.Build.0 = Debug|x64
		{1C24159F-3558-322D-A5B0-217E35F9DDCC}.Release|x64.ActiveCfg = Release|x64
		{1C24159F-3558-322D-A5B0-217E35F9DDCC}.Release|x64.Build.0 = Release|x64
		{1C24159F-3558-322D-A5B0-217E35F9DDCC}.MinSizeRel|x64.ActiveCfg = MinSizeRel|x64
		{1C24159F-3558-322D-A5B0-217E35F9DDCC}.MinSizeRel|x64.Build.0 = MinSizeRel|x64
		{1C24159F-3558-322D-A5B0-217E35F9DDCC}.RelWithDebInfo|x64.ActiveCfg = RelWithDebInfo|x64
		{1C24159F-3558-322D-A5B0-217E35F9DDCC}.RelWithDebInfo|x64.Build.0 = RelWithDebInfo|x64
		{1DB9DA6D-C6AE-39C7-A359-B82A626E6326}.Debug|x64.ActiveCfg = Debug|x64
		{1DB9DA6D-C6AE-39C7-A359-B82A626E6326}.Debug|x64.Build.0 = Debug|x64
		{1DB9DA6D-C6AE-39C7-A359-B82A626E6326}.Release|x64.ActiveCfg = Release|x64
		{1DB9DA6D-C6AE-39C7-A359-B82A626E6326}.Release|x64.Build.0 = Release|x64
		{1DB9DA6D-C6AE-39C7-A359-B82A626E6326}.MinSizeRel|x64.ActiveCfg = MinSizeRel|x64
		{1DB9DA6D-C6AE-39C7-A359-B82A626E6326}.MinSizeRel|x64.Build.0 = MinSizeRel|x64
		{1DB9DA6D-C6AE-39C7-A359-B82A626E6326}.RelWithDebInfo|x64.ActiveCfg = RelWithDebInfo|x64
		{1DB9DA6D-C6AE-39C7-A359-B82A626E6326}.RelWithDebInfo|x64.Build.0 = RelWithDebInfo|x64
		{8DCC2706-E3FD-3A17-8416-465B5CF50697}.Debug|x64.ActiveCfg = Debug|x64
		{8DCC2706-E3FD-3A17-8416-465B5CF50697}.Debug|x64.Build.0 = Debug|x64
		{8DCC2706-E3FD-3A17-8416-465B5CF50697}.Release|x64.ActiveCfg = Release|x64
		{8DCC2706-E3FD-3A17-8416-465B5CF50697}.Release|x64.Build.0 = Release|x64
		{8DCC2706-E3FD-3A17-8416-465B5CF50697}.MinSizeRel|x64.ActiveCfg = MinSizeRel|x64
		{8DCC2706-E3FD-3A17-8416-465B5CF50697}.MinSizeRel|x64.Build.0 = MinSizeRel|x64
		{8DCC2706-E3FD-3A17-8416-465B5CF50697}.RelWithDebInfo|x64.ActiveCfg = RelWithDebInfo|x64
		{8DCC2706-E3FD-3A17-8416-465B5CF50697}.RelWithDebInfo|x64.Build.0 = RelWithDebInfo|x64
		{3FF2EC8A-F446-3227-A715-040BC34D5068}.Debug|x64.ActiveCfg = Debug|x64
		{3FF2EC8A-F446-3227-A715-040BC34D5068}.Debug|x64.Build.0 = Debug|x64
		{3FF2EC8A-F446-3227-A715-040BC34D5068}.Release|x64.ActiveCfg = Release|x64
		{3FF2EC8A-F446-3227-A715-040BC34D5068}.Release|x64.Build.0 = Release|x64
		{3FF2EC8A-F446-3227-A715-040BC34D5068}.MinSizeRel|x64.ActiveCfg = MinSizeRel|x64
		{3FF2EC8A-F446-3227-A715-040BC34D5068}.MinSizeRel|x64.Build.0 = MinSizeRel|x64
		{3FF2EC8A-F446-3227-A715-040BC34D5068}.RelWithDebInfo|x64.ActiveCfg = RelWithDebInfo|x64
		{3FF2EC8A-F446-3227-A715-040BC34D5068}.RelWithDebInfo|x64.Build.0 = RelWithDebInfo|x64
		{616692BA-36A6-3860-9383-A208C3F4B44F}.Debug|x64.ActiveCfg = Debug|x64
		{616692BA-36A6-3860-9383-A208C3F4B44F}.Debug|x64.Build.0 = Debug|x64
		{616692BA-36A6-3860-9383-A208C3F4B44F}.Release|x64.ActiveCfg = Release|x64
		{616692BA-36A6-3860-9383-A208C3F4B44F}.Release|x64.Build.0 = Release|x64
		{616692BA-36A6-3860-9383-A208C3F4B44F}.MinSizeRel|x64.ActiveCfg = MinSizeRel|x64
		{616692BA-36A6-3860-9383-A208C3F4B44F}.MinSizeRel|x64.Build.0 = MinSizeRel|x64
		{616692BA-36A6-3860-9383-A208C3F4B44F}.RelWithDebInfo|x64.ActiveCfg = RelWithDebInfo|x64
		{616692BA-36A6-3860-9383-A208C3F4B44F}.RelWithDebInfo|x64.Build.0 = RelWithDebInfo|x64
		{016AA5D3-0FFD-3418-BB96-3B00394E81A0}.Debug|x64.ActiveCfg = Debug|x64
		{016AA5D3-0FFD-3418-BB96-3B00394E81A0}.Debug|x64.Build.0 = Debug|x64
		{016AA5D3-0FFD-3418-BB96-3B00394E81A0}.Release|x64.ActiveCfg = Release|x64
		{016AA5D3-0FFD-3418-BB96-3B00394E81A0}.Release|x64.Build.0 = Release|x64
		{016AA5D3-0FFD-3418-BB96-3B00394E81A0}.MinSizeRel|x64.ActiveCfg = MinSizeRel|x64
		{016AA5D3-0FFD-3418-BB96-3B00394E81A0}.MinSizeRel|x64.Build.0 = MinSizeRel|x64
		{016AA5D3-0FFD-3418-BB96-3B00394E81A0}.RelWithDebInfo|x64.ActiveCfg = RelWithDebInfo|x64
		{016AA5D3-0FFD-3418-BB96-3B00394E81A0}.RelWithDebInfo|x64.Build.0 = RelWithDebInfo|x64
		{4ED8282D-BD83-3F2F-A440-B04BD6236A23}.Debug|x64.ActiveCfg = Debug|x64
		{4ED8282D-BD83-3F2F-A440-B04BD6236A23}.Debug|x64.Build.0 = Debug|x64
		{4ED8282D-BD83-3F2F-A440-B04BD6236A23}.Release|x64.ActiveCfg = Release|x64
		{4ED8282D-BD83-3F2F-A440-B04BD6236A23}.Release|x64.Build.0 = Release|x64
		{4ED8282D-BD83-3F2F-A440-B04BD6236A23}.MinSizeRel|x64.ActiveCfg = MinSizeRel|x64
		{4ED8282D-BD83-3F2F-A440-B04BD6236A23}.MinSizeRel|x64.Build.0 = MinSizeRel|x64
		{4ED8282D-BD83-3F2F-A440-B04BD6236A23}.RelWithDebInfo|x64.ActiveCfg = RelWithDebInfo|x64
		{4ED8282D-BD83-3F2F-A440-B04BD6236A23}.RelWithDebInfo|x64.Build.0 = RelWithDebInfo|x64
		{BD2AB707-A858-30D7-A40B-203D4FA25C14}.Debug|x64.ActiveCfg = Debug|x64
		{BD2AB707-A858-30D7-A40B-203D4FA25C14}.Debug|x64.Build.0 = Debug|x64
		{BD2AB707-A858-30D7-A40B-203D4FA25C14}.Release|x64.ActiveCfg = Release|x64
		{BD2AB707-A858-30D7-A40B-203D4FA25C14}.Release|x64.Build.0 = Release|x64
		{BD2AB707-A858-30D7-A40B-203D4FA25C14}.MinSizeRel|x64.ActiveCfg = MinSizeRel|x64
		{BD2AB707-A858-30D7-A40B-203D4FA25C14}.MinSizeRel|x64.Build.0 = MinSizeRel|x64
		{BD2AB707-A858-30D7-A40B-203D4FA25C14}.RelWithDebInfo|x64.ActiveCfg = RelWithDebInfo|x64
		{BD2AB707-A858-30D7-A40B-203D4FA25C14}.RelWithDebInfo|x64.Build.0 = RelWithDebInfo|x64
		{51EC3598-C8F1-373F-B986-07E4FA6EF81D}.Debug|x64.ActiveCfg = Debug|x64
		{51EC3598-C8F1-373F-B986-07E4FA6EF81D}.Debug|x64.Build.0 = Debug|x64
		{51EC3598-C8F1-373F-B986-07E4FA6EF81D}.Release|x64.ActiveCfg = Release|x64
		{51EC3598-C8F1-373F-B986-07E4FA6EF81D}.Release|x64.Build.0 = Release|x64
		{51EC3598-C8F1-373F-B986-07E4FA6EF81D}.MinSizeRel|x64.ActiveCfg = MinSizeRel|x64
		{51EC3598-C8F1-373F-B986-07E4FA6EF81D}.MinSizeRel|x64.Build.0 = MinSizeRel|x64
		{51EC3598-C8F1-373F-B986-07E4FA6EF81D}.RelWithDebInfo|x64.ActiveCfg = RelWithDebInfo|x64
		{51EC3598-C8F1-373F-B986-07E4FA6EF81D}.RelWithDebInfo|x64.Build.0 = RelWithDebInfo|x64
		{820C0789-7EDE-3856-9B5C-1758B4C753C2}.Debug|x64.ActiveCfg = Debug|x64
		{820C0789-7EDE-3856-9B5C-1758B4C753C2}.Debug|x64.Build.0 = Debug|x64
		{820C0789-7EDE-3856-9B5C-1758B4C753C2}.Release|x64.ActiveCfg = Release|x64
		{820C0789-7EDE-3856-9B5C-1758B4C753C2}.Release|x64.Build.0 = Release|x64
		{820C0789-7EDE-3856-9B5C-1758B4C753C2}.MinSizeRel|x64.ActiveCfg = MinSizeRel|x64
		{820C0789-7EDE-3856-9B5C-1758B4C753C2}.MinSizeRel|x64.Build.0 = MinSizeRel|x64
		{820C0789-7EDE-3856-9B5C-1758B4C753C2}.RelWithDebInfo|x64.ActiveCfg = RelWithDebInfo|x64
		{820C0789-7EDE-3856-9B5C-1758B4C753C2}.RelWithDebInfo|x64.Build.0 = RelWithDebInfo|x64
		{D493CF88-1B77-3ECC-8955-5E9574A39085}.Debug|x64.ActiveCfg = Debug|x64
		{D493CF88-1B77-3ECC-8955-5E9574A39085}.Debug|x64.Build.0 = Debug|x64
		{D493CF88-1B77-3ECC-8955-5E9574A39085}.Release|x64.ActiveCfg = Release|x64
		{D493CF88-1B77-3ECC-8955-5E9574A39085}.Release|x64.Build.0 = Release|x64
		{D493CF88-1B77-3ECC-8955-5E9574A39085}.MinSizeRel|x64.ActiveCfg = MinSizeRel|x64
		{D493CF88-1B77-3ECC-8955-5E9574A39085}.MinSizeRel|x64.Build.0 = MinSizeRel|x64
		{D493CF88-1B77-3ECC-8955-5E9574A39085}.RelWithDebInfo|x64.ActiveCfg = RelWithDebInfo|x64
		{D493CF88-1B77-3ECC-8955-5E9574A39085}.RelWithDebInfo|x64.Build.0 = RelWithDebInfo|x64
	EndGlobalSection
	GlobalSection(NestedProjects) = preSolution
		{8AE13C55-A5CC-3FFD-AF47-D0147AB9C1B7} = {39E8AF08-538C-38CA-BBD9-E9D4F3CF0B34}
		{7FBD6101-B0BD-37A0-8DC8-A2D35DB399C6} = {9B77CF0D-CD2D-3FB6-964E-FAAE396EECAC}
		{31105842-E5C0-30C8-AA2F-EF1BF4A210C1} = {9B77CF0D-CD2D-3FB6-964E-FAAE396EECAC}
		{DD8C4C86-B50E-3F55-8AE1-0A8ACD611122} = {9CF064D2-CD47-3494-A595-E0997E635F24}
		{99E6DAE8-FC33-3FD3-A2E2-3D5C23126576} = {9CF064D2-CD47-3494-A595-E0997E635F24}
		{721DA315-61F5-315E-9146-553289682E9B} = {9CF064D2-CD47-3494-A595-E0997E635F24}
	EndGlobalSection
	GlobalSection(ExtensibilityGlobals) = postSolution
		SolutionGuid = {010C2E77-EEB2-3121-9BC6-A9A9514106B3}
	EndGlobalSection
	GlobalSection(ExtensibilityAddIns) = postSolution
	EndGlobalSection
EndGlobal
